{
  "version": 4,
  "terraform_version": "1.4.6",
  "serial": 7,
  "lineage": "255cdf77-7807-8695-7b13-b44b9410c39d",
  "outputs": {},
  "resources": [
    {
      "mode": "managed",
      "type": "google_project_service",
      "name": "cloud_sql_admin_api",
      "provider": "provider[\"registry.terraform.io/hashicorp/google\"]",
      "instances": [
        {
          "schema_version": 0,
          "attributes": {
            "disable_dependent_services": null,
            "disable_on_destroy": true,
            "id": "learned-vault-387908/sqladmin.googleapis.com",
            "project": "learned-vault-387908",
            "service": "sqladmin.googleapis.com",
            "timeouts": null
          },
          "sensitive_attributes": [],
          "private": "eyJlMmJmYjczMC1lY2FhLTExZTYtOGY4OC0zNDM2M2JjN2M0YzAiOnsiY3JlYXRlIjoxMjAwMDAwMDAwMDAwLCJkZWxldGUiOjEyMDAwMDAwMDAwMDAsInJlYWQiOjYwMDAwMDAwMDAwMCwidXBkYXRlIjoxMjAwMDAwMDAwMDAwfX0="
        }
      ]
    },
    {
      "mode": "managed",
      "type": "google_sql_database_instance",
      "name": "my-postgress-instance",
      "provider": "provider[\"registry.terraform.io/hashicorp/google\"]",
      "instances": [
        {
          "schema_version": 0,
          "attributes": {
            "connection_name": "learned-vault-387908:us-central1:my-postgress-instance",
            "database_version": "POSTGRES_14",
            "first_ip_address": "104.197.153.94",
            "id": "my-postgress-instance",
            "ip_address": [
              {
                "ip_address": "104.197.153.94",
                "time_to_retire": "",
                "type": "PRIMARY"
              },
              {
                "ip_address": "34.66.80.80",
                "time_to_retire": "",
                "type": "OUTGOING"
              }
            ],
            "master_instance_name": "",
            "name": "my-postgress-instance",
            "private_ip_address": "",
            "project": "learned-vault-387908",
            "public_ip_address": "104.197.153.94",
            "region": "us-central1",
            "replica_configuration": [],
            "self_link": "https://www.googleapis.com/sql/v1beta4/projects/learned-vault-387908/instances/my-postgress-instance",
            "server_ca_cert": [
              {
                "cert": "-----BEGIN CERTIFICATE-----\nMIIDfzCCAmegAwIBAgIBADANBgkqhkiG9w0BAQsFADB3MS0wKwYDVQQuEyQxNTZm\nODY1Yi05NmFhLTRiOTAtYTU1My02MWU4ZTViYWQyMzAxIzAhBgNVBAMTGkdvb2ds\nZSBDbG91ZCBTUUwgU2VydmVyIENBMRQwEgYDVQQKEwtHb29nbGUsIEluYzELMAkG\nA1UEBhMCVVMwHhcNMjMwNjAzMDE1MTI0WhcNMzMwNTMxMDE1MjI0WjB3MS0wKwYD\nVQQuEyQxNTZmODY1Yi05NmFhLTRiOTAtYTU1My02MWU4ZTViYWQyMzAxIzAhBgNV\nBAMTGkdvb2dsZSBDbG91ZCBTUUwgU2VydmVyIENBMRQwEgYDVQQKEwtHb29nbGUs\nIEluYzELMAkGA1UEBhMCVVMwggEiMA0GCSqGSIb3DQEBAQUAA4IBDwAwggEKAoIB\nAQCC7g0lD8RrJBDZkFVjIRb0Y2J3QLpEE82jmw9ipSBSzu0232Q7Q0U7HlA7cWeX\nq1tdnSCmgJDyqZNSep6AeHqMbetfKTu/qhBVXN1QKQ7g5wimmnP45MFGPMLR8OLv\nzNa1CIDl6GlPN4uA7FX4fzebbk/bRsrKU2Wk8oH3kNQPQ+VyUaHICjAv4aidMNo/\nWZvK+m0soHvlKxYUOt1FSLP2jrux4IaC1iN/HB6nieswCSr/EsroQzeYKXOAAJZk\nHHGLmqV82LteGZjIQTH153fp91Ix5/BrreQYmwSNrjRZ1lDnjlkV/cGAmdufMyEH\nE5vQ2JU8eU4TV7PsBjO++XrjAgMBAAGjFjAUMBIGA1UdEwEB/wQIMAYBAf8CAQAw\nDQYJKoZIhvcNAQELBQADggEBADWxY7Lc9YMERuyG8uGuzYm/WqFn6SKuhm0MQxkP\niCZLNEi2cR3FO95iR1+UxDq31KtM9ZFiOZzMPh+k/gJXBljj+ONAgd1BrteLh6UP\n5W/dzR7VQXKeEslHvkf78vJAo4MVQbBbuxrYqM8lowT3dnGnY7GtoYKcjxJVKSS7\njrV1+66Yf86AKThlq2gzkq1qItixEG0NlgBswHaAE6JyciTq+61Bfw+ZmKX+lTpe\ni2W7nwZFJeNDg1RqMnW9AAErJUdzUWXEpeHNR1Jj+V0mq1WPgYeC7I0mrxT0DCVZ\n0/AKVCS7solyx4WQqspirIyTnxTY2pWdLyw1GKG3eddsX1k=\n-----END CERTIFICATE-----",
                "common_name": "C=US,O=Google\\, Inc,CN=Google Cloud SQL Server CA,dnQualifier=156f865b-96aa-4b90-a553-61e8e5bad230",
                "create_time": "2023-06-03T01:51:24.231Z",
                "expiration_time": "2033-05-31T01:52:24.231Z",
                "sha1_fingerprint": "ceeeb5fec7337752823e0b23de415a6e95d13bc2"
              }
            ],
            "service_account_email_address": "p889468455166-eusisl@gcp-sa-cloud-sql.iam.gserviceaccount.com",
            "settings": [
              {
                "activation_policy": "ALWAYS",
                "authorized_gae_applications": null,
                "availability_type": "ZONAL",
                "backup_configuration": [
                  {
                    "binary_log_enabled": false,
                    "enabled": false,
                    "location": "",
                    "start_time": "10:00"
                  }
                ],
                "crash_safe_replication": false,
                "database_flags": [],
                "disk_autoresize": true,
                "disk_size": 10,
                "disk_type": "PD_SSD",
                "ip_configuration": [
                  {
                    "authorized_networks": [],
                    "ipv4_enabled": true,
                    "private_network": "",
                    "require_ssl": false
                  }
                ],
                "location_preference": [
                  {
                    "follow_gae_application": "",
                    "zone": "us-central1-b"
                  }
                ],
                "maintenance_window": [],
                "pricing_plan": "PER_USE",
                "replication_type": "SYNCHRONOUS",
                "tier": "db-g1-small",
                "user_labels": null,
                "version": 1
              }
            ],
            "timeouts": null
          },
          "sensitive_attributes": [],
          "private": "eyJlMmJmYjczMC1lY2FhLTExZTYtOGY4OC0zNDM2M2JjN2M0YzAiOnsiY3JlYXRlIjoxMjAwMDAwMDAwMDAwLCJkZWxldGUiOjEyMDAwMDAwMDAwMDAsInVwZGF0ZSI6MTIwMDAwMDAwMDAwMH19"
        }
      ]
    }
  ],
  "check_results": null
}
