{
  "version": 4,
  "terraform_version": "1.4.6",
  "serial": 9,
  "lineage": "158e9855-2918-38e5-3a68-c16f28b21d17",
  "outputs": {},
  "resources": [
    {
      "mode": "managed",
      "type": "google_project_iam_member",
      "name": "my-new-iam-member_editor",
      "provider": "provider[\"registry.terraform.io/hashicorp/google\"]",
      "instances": [
        {
          "schema_version": 0,
          "attributes": {
            "etag": "BwX9MF40WJw=",
            "id": "learned-vault-387908/roles/editor/user:bidyut1@gmail.com",
            "member": "user:bidyut1@gmail.com",
            "project": "learned-vault-387908",
            "role": "roles/editor"
          },
          "sensitive_attributes": [],
          "private": "bnVsbA=="
        }
      ]
    }
  ],
  "check_results": null
}
